schema: '2.0'
stages:
  download data:
    cmd: mlops_homework_download_dataset
    deps:
    - path: mlops_homework/data/load_dataset.py
      md5: a4cc102a7e9eb5fb606453321c0348a8
      size: 910
    outs:
    - path: data/raw/heart_cleveland_upload.csv
      md5: 9f536dad38229ca519687b116f1d632a
      size: 11106
  process data:
    cmd: mlops_homework_process_dataset
    deps:
    - path: data/raw/heart_cleveland_upload.csv
      md5: 9f536dad38229ca519687b116f1d632a
      size: 11106
    - path: mlops_homework/features/build_features.py
      md5: c3a72c58e6e45a25d14d2c1548a4766e
      size: 3513
    outs:
    - path: data/processed/heart_cleveland_upload.csv
      md5: 5c332a87ef9e7a13583d71320b7c7687
      size: 123502
    - path: models/encoder_baseline.pkl
      md5: f045eab17af3261cd087277414464715
      size: 1967
  train model:
    cmd: mlops_homework_train_model
    deps:
    - path: data/processed/heart_cleveland_upload.csv
      md5: 5c332a87ef9e7a13583d71320b7c7687
      size: 123502
    - path: mlops_homework/models/baseline/train_baseline_model.py
      md5: 7e3608185010dbc2b3f38e5baeaf8f09
      size: 1538
    - path: mlops_homework/models/train_model.py
      md5: ec411997631507ba751bbe18d3389707
      size: 458
    params:
      params.yaml:
        model:
          name: baseline
          test_split_size: 0.8
    outs:
    - path: models/baseline.pkl
      md5: c6d7f333cf28a9bec997bf1bfa6d81c8
      size: 10801
