schema: '2.0'
stages:
  download data:
    cmd: mlops_homework_download_dataset
    deps:
    - path: mlops_homework/data/load_dataset.py
      md5: a4cc102a7e9eb5fb606453321c0348a8
      size: 910
    outs:
    - path: data/raw/heart_cleveland_upload.csv
      md5: 9f536dad38229ca519687b116f1d632a
      size: 11106
  process data:
    cmd: mlops_homework_process_dataset
    deps:
    - path: data/raw/heart_cleveland_upload.csv
      md5: 9f536dad38229ca519687b116f1d632a
      size: 11106
    - path: mlops_homework/features/build_features.py
      md5: 82d3f261724098b50ee548c637b02dfc
      size: 1845
    - path: mlops_homework/features/data_transformer.py
      md5: 3f993dc6ffdbd5de72f2917ec94dbe0f
      size: 2214
    outs:
    - path: data/processed/heart_cleveland_upload.csv
      md5: 5c332a87ef9e7a13583d71320b7c7687
      size: 123502
    - path: models/encoder_baseline.pkl
      md5: 917b6edbac0c61f158196c603efc6714
      size: 1969
  train model:
    cmd: mlops_homework_train_model
    deps:
    - path: data/processed/heart_cleveland_upload.csv
      md5: 5c332a87ef9e7a13583d71320b7c7687
      size: 123502
    - path: mlops_homework/models/baseline/train_baseline_model.py
      md5: d659c1e7f7e1b1843f1323e2fddff182
      size: 1776
    - path: mlops_homework/models/train_model.py
      md5: 2d0a3e6009ee715eca952f2037b4bc3d
      size: 828
    params:
      params.yaml:
        model:
          name: baseline
          test_split:
            size: 0.85
    outs:
    - path: models/baseline.pkl
      md5: ed3481c3b1f64d5dd7e84c468ed72319
      size: 10801
